
Microsoft Visual Studio Solution File, Format Version 12.00
# Visual Studio Version 17
VisualStudioVersion = 17.0.31903.59
MinimumVisualStudioVersion = 10.0.40219.1
Project("{9A19103F-16F7-4668-BE54-9A1E7A4F7556}") = "CalcDate", "CalcDate\CalcDate.csproj", "{FDDF053B-9709-411C-AFE1-C3F774CE468F}"
EndProject
Project("{9A19103F-16F7-4668-BE54-9A1E7A4F7556}") = "FileTutor", "FileTutor\FileTutor.csproj", "{B4AD720D-77D7-4AB2-927F-4E4762C9E194}"
EndProject
Project("{FAE04EC0-301F-11D3-BF4B-00C04F79EFBC}") = "Tutor1", "Tutor1\Tutor1.csproj", "{C892FA2C-4B83-4D87-A0A6-548506B57445}"
EndProject
Project("{9A19103F-16F7-4668-BE54-9A1E7A4F7556}") = "WindowsFormsApp1", "WindowsFormsApp1\WindowsFormsApp1.csproj", "{606AD3F6-FDF2-4572-B8BA-283DD9A1D27E}"
EndProject
Project("{9A19103F-16F7-4668-BE54-9A1E7A4F7556}") = "test2", "test2\test2.csproj", "{6EE0AB3F-3499-4509-A904-B82810B8748A}"
EndProject
Project("{9A19103F-16F7-4668-BE54-9A1E7A4F7556}") = "Utils", "Utils\Utils.csproj", "{FEA2D391-F214-4238-99C1-DD8715FACCEC}"
EndProject
Project("{9A19103F-16F7-4668-BE54-9A1E7A4F7556}") = "testForm3", "testForm3\testForm3.csproj", "{FD582CB6-EDFC-4BA3-8458-E84D75C6DF39}"
EndProject
Project("{9A19103F-16F7-4668-BE54-9A1E7A4F7556}") = "datatype", "datatype\datatype.csproj", "{7459FBC6-ED20-41A7-B2D6-A7FD7694B482}"
EndProject
Project("{9A19103F-16F7-4668-BE54-9A1E7A4F7556}") = "FormAdvanced", "FormAdvanced\FormAdvanced.csproj", "{08CE21F5-6E9B-424C-8FDB-D538671A9B89}"
EndProject
Project("{9A19103F-16F7-4668-BE54-9A1E7A4F7556}") = "Forms", "Forms\Forms.csproj", "{14881572-DDCF-44BF-9105-BAD306CC0812}"
EndProject
Project("{9A19103F-16F7-4668-BE54-9A1E7A4F7556}") = "FileOperate", "FileOperate\FileOperate.csproj", "{BE4675F6-57D1-4A15-A97C-A0AE5B334704}"
EndProject
Project("{9A19103F-16F7-4668-BE54-9A1E7A4F7556}") = "FlowControl", "FlowControl\FlowControl.csproj", "{C490549A-FAB7-46F6-82EF-BABC3BE32253}"
EndProject
Project("{9A19103F-16F7-4668-BE54-9A1E7A4F7556}") = "cstutor1", "cstutor1\cstutor1.csproj", "{3A8F4376-024A-41FA-96B3-9D7C385B2270}"
EndProject
Project("{9A19103F-16F7-4668-BE54-9A1E7A4F7556}") = "Doyoulikeme", "doyoulikeme\Doyoulikeme.csproj", "{A3533065-169D-4A4A-B50B-CA7392F320B7}"
EndProject
Project("{9A19103F-16F7-4668-BE54-9A1E7A4F7556}") = "csform1", "csform2\csform1.csproj", "{22917F38-D4B2-4887-8E11-8834394D3E81}"
EndProject
Project("{9A19103F-16F7-4668-BE54-9A1E7A4F7556}") = "notepad", "FullNotepad\notepad.csproj", "{856C3C5F-9477-4E5E-AB3D-B10011A23950}"
EndProject
Project("{FAE04EC0-301F-11D3-BF4B-00C04F79EFBC}") = "MyForm", "MyForm\MyForm.csproj", "{696B2799-CFF4-4633-9100-B9DC2D98BACF}"
EndProject
Project("{9A19103F-16F7-4668-BE54-9A1E7A4F7556}") = "Calc", "calculator\Calc.csproj", "{59E36B20-30D2-4E1A-A74A-FCFE02A6E663}"
EndProject
Project("{9A19103F-16F7-4668-BE54-9A1E7A4F7556}") = "WpfApp2", "WpfApp2\WpfApp2.csproj", "{BB552933-5473-44AF-9A13-A9E057B2B6B8}"
EndProject
Global
	GlobalSection(SolutionConfigurationPlatforms) = preSolution
		Debug|Any CPU = Debug|Any CPU
		Debug|x86 = Debug|x86
		Release|Any CPU = Release|Any CPU
		Release|x86 = Release|x86
	EndGlobalSection
	GlobalSection(ProjectConfigurationPlatforms) = postSolution
		{FDDF053B-9709-411C-AFE1-C3F774CE468F}.Debug|Any CPU.ActiveCfg = Debug|Any CPU
		{FDDF053B-9709-411C-AFE1-C3F774CE468F}.Debug|Any CPU.Build.0 = Debug|Any CPU
		{FDDF053B-9709-411C-AFE1-C3F774CE468F}.Debug|x86.ActiveCfg = Debug|x86
		{FDDF053B-9709-411C-AFE1-C3F774CE468F}.Debug|x86.Build.0 = Debug|x86
		{FDDF053B-9709-411C-AFE1-C3F774CE468F}.Release|Any CPU.ActiveCfg = Release|x86
		{FDDF053B-9709-411C-AFE1-C3F774CE468F}.Release|x86.ActiveCfg = Release|x86
		{FDDF053B-9709-411C-AFE1-C3F774CE468F}.Release|x86.Build.0 = Release|x86
		{B4AD720D-77D7-4AB2-927F-4E4762C9E194}.Debug|Any CPU.ActiveCfg = Debug|Any CPU
		{B4AD720D-77D7-4AB2-927F-4E4762C9E194}.Debug|Any CPU.Build.0 = Debug|Any CPU
		{B4AD720D-77D7-4AB2-927F-4E4762C9E194}.Debug|x86.ActiveCfg = Debug|Any CPU
		{B4AD720D-77D7-4AB2-927F-4E4762C9E194}.Debug|x86.Build.0 = Debug|Any CPU
		{B4AD720D-77D7-4AB2-927F-4E4762C9E194}.Release|Any CPU.ActiveCfg = Release|Any CPU
		{B4AD720D-77D7-4AB2-927F-4E4762C9E194}.Release|Any CPU.Build.0 = Release|Any CPU
		{B4AD720D-77D7-4AB2-927F-4E4762C9E194}.Release|x86.ActiveCfg = Release|Any CPU
		{B4AD720D-77D7-4AB2-927F-4E4762C9E194}.Release|x86.Build.0 = Release|Any CPU
		{C892FA2C-4B83-4D87-A0A6-548506B57445}.Debug|Any CPU.ActiveCfg = Debug|Any CPU
		{C892FA2C-4B83-4D87-A0A6-548506B57445}.Debug|Any CPU.Build.0 = Debug|Any CPU
		{C892FA2C-4B83-4D87-A0A6-548506B57445}.Debug|x86.ActiveCfg = Debug|Any CPU
		{C892FA2C-4B83-4D87-A0A6-548506B57445}.Debug|x86.Build.0 = Debug|Any CPU
		{C892FA2C-4B83-4D87-A0A6-548506B57445}.Release|Any CPU.ActiveCfg = Release|Any CPU
		{C892FA2C-4B83-4D87-A0A6-548506B57445}.Release|Any CPU.Build.0 = Release|Any CPU
		{C892FA2C-4B83-4D87-A0A6-548506B57445}.Release|x86.ActiveCfg = Release|Any CPU
		{C892FA2C-4B83-4D87-A0A6-548506B57445}.Release|x86.Build.0 = Release|Any CPU
		{606AD3F6-FDF2-4572-B8BA-283DD9A1D27E}.Debug|Any CPU.ActiveCfg = Debug|Any CPU
		{606AD3F6-FDF2-4572-B8BA-283DD9A1D27E}.Debug|Any CPU.Build.0 = Debug|Any CPU
		{606AD3F6-FDF2-4572-B8BA-283DD9A1D27E}.Debug|x86.ActiveCfg = Debug|Any CPU
		{606AD3F6-FDF2-4572-B8BA-283DD9A1D27E}.Debug|x86.Build.0 = Debug|Any CPU
		{606AD3F6-FDF2-4572-B8BA-283DD9A1D27E}.Release|Any CPU.ActiveCfg = Release|Any CPU
		{606AD3F6-FDF2-4572-B8BA-283DD9A1D27E}.Release|Any CPU.Build.0 = Release|Any CPU
		{606AD3F6-FDF2-4572-B8BA-283DD9A1D27E}.Release|x86.ActiveCfg = Release|Any CPU
		{606AD3F6-FDF2-4572-B8BA-283DD9A1D27E}.Release|x86.Build.0 = Release|Any CPU
		{6EE0AB3F-3499-4509-A904-B82810B8748A}.Debug|Any CPU.ActiveCfg = Debug|Any CPU
		{6EE0AB3F-3499-4509-A904-B82810B8748A}.Debug|Any CPU.Build.0 = Debug|Any CPU
		{6EE0AB3F-3499-4509-A904-B82810B8748A}.Debug|x86.ActiveCfg = Debug|Any CPU
		{6EE0AB3F-3499-4509-A904-B82810B8748A}.Debug|x86.Build.0 = Debug|Any CPU
		{6EE0AB3F-3499-4509-A904-B82810B8748A}.Release|Any CPU.ActiveCfg = Release|Any CPU
		{6EE0AB3F-3499-4509-A904-B82810B8748A}.Release|Any CPU.Build.0 = Release|Any CPU
		{6EE0AB3F-3499-4509-A904-B82810B8748A}.Release|x86.ActiveCfg = Release|Any CPU
		{6EE0AB3F-3499-4509-A904-B82810B8748A}.Release|x86.Build.0 = Release|Any CPU
		{FEA2D391-F214-4238-99C1-DD8715FACCEC}.Debug|Any CPU.ActiveCfg = Debug|Any CPU
		{FEA2D391-F214-4238-99C1-DD8715FACCEC}.Debug|Any CPU.Build.0 = Debug|Any CPU
		{FEA2D391-F214-4238-99C1-DD8715FACCEC}.Debug|x86.ActiveCfg = Debug|Any CPU
		{FEA2D391-F214-4238-99C1-DD8715FACCEC}.Debug|x86.Build.0 = Debug|Any CPU
		{FEA2D391-F214-4238-99C1-DD8715FACCEC}.Release|Any CPU.ActiveCfg = Release|Any CPU
		{FEA2D391-F214-4238-99C1-DD8715FACCEC}.Release|Any CPU.Build.0 = Release|Any CPU
		{FEA2D391-F214-4238-99C1-DD8715FACCEC}.Release|x86.ActiveCfg = Release|Any CPU
		{FEA2D391-F214-4238-99C1-DD8715FACCEC}.Release|x86.Build.0 = Release|Any CPU
		{FD582CB6-EDFC-4BA3-8458-E84D75C6DF39}.Debug|Any CPU.ActiveCfg = Debug|Any CPU
		{FD582CB6-EDFC-4BA3-8458-E84D75C6DF39}.Debug|Any CPU.Build.0 = Debug|Any CPU
		{FD582CB6-EDFC-4BA3-8458-E84D75C6DF39}.Debug|x86.ActiveCfg = Debug|Any CPU
		{FD582CB6-EDFC-4BA3-8458-E84D75C6DF39}.Debug|x86.Build.0 = Debug|Any CPU
		{FD582CB6-EDFC-4BA3-8458-E84D75C6DF39}.Release|Any CPU.ActiveCfg = Release|Any CPU
		{FD582CB6-EDFC-4BA3-8458-E84D75C6DF39}.Release|Any CPU.Build.0 = Release|Any CPU
		{FD582CB6-EDFC-4BA3-8458-E84D75C6DF39}.Release|x86.ActiveCfg = Release|Any CPU
		{FD582CB6-EDFC-4BA3-8458-E84D75C6DF39}.Release|x86.Build.0 = Release|Any CPU
		{7459FBC6-ED20-41A7-B2D6-A7FD7694B482}.Debug|Any CPU.ActiveCfg = Debug|Any CPU
		{7459FBC6-ED20-41A7-B2D6-A7FD7694B482}.Debug|Any CPU.Build.0 = Debug|Any CPU
		{7459FBC6-ED20-41A7-B2D6-A7FD7694B482}.Debug|x86.ActiveCfg = Debug|Any CPU
		{7459FBC6-ED20-41A7-B2D6-A7FD7694B482}.Debug|x86.Build.0 = Debug|Any CPU
		{7459FBC6-ED20-41A7-B2D6-A7FD7694B482}.Release|Any CPU.ActiveCfg = Release|Any CPU
		{7459FBC6-ED20-41A7-B2D6-A7FD7694B482}.Release|Any CPU.Build.0 = Release|Any CPU
		{7459FBC6-ED20-41A7-B2D6-A7FD7694B482}.Release|x86.ActiveCfg = Release|Any CPU
		{7459FBC6-ED20-41A7-B2D6-A7FD7694B482}.Release|x86.Build.0 = Release|Any CPU
		{08CE21F5-6E9B-424C-8FDB-D538671A9B89}.Debug|Any CPU.ActiveCfg = Debug|Any CPU
		{08CE21F5-6E9B-424C-8FDB-D538671A9B89}.Debug|Any CPU.Build.0 = Debug|Any CPU
		{08CE21F5-6E9B-424C-8FDB-D538671A9B89}.Debug|x86.ActiveCfg = Debug|Any CPU
		{08CE21F5-6E9B-424C-8FDB-D538671A9B89}.Debug|x86.Build.0 = Debug|Any CPU
		{08CE21F5-6E9B-424C-8FDB-D538671A9B89}.Release|Any CPU.ActiveCfg = Release|Any CPU
		{08CE21F5-6E9B-424C-8FDB-D538671A9B89}.Release|Any CPU.Build.0 = Release|Any CPU
		{08CE21F5-6E9B-424C-8FDB-D538671A9B89}.Release|x86.ActiveCfg = Release|Any CPU
		{08CE21F5-6E9B-424C-8FDB-D538671A9B89}.Release|x86.Build.0 = Release|Any CPU
		{14881572-DDCF-44BF-9105-BAD306CC0812}.Debug|Any CPU.ActiveCfg = Debug|Any CPU
		{14881572-DDCF-44BF-9105-BAD306CC0812}.Debug|Any CPU.Build.0 = Debug|Any CPU
		{14881572-DDCF-44BF-9105-BAD306CC0812}.Debug|x86.ActiveCfg = Debug|Any CPU
		{14881572-DDCF-44BF-9105-BAD306CC0812}.Debug|x86.Build.0 = Debug|Any CPU
		{14881572-DDCF-44BF-9105-BAD306CC0812}.Release|Any CPU.ActiveCfg = Release|Any CPU
		{14881572-DDCF-44BF-9105-BAD306CC0812}.Release|Any CPU.Build.0 = Release|Any CPU
		{14881572-DDCF-44BF-9105-BAD306CC0812}.Release|x86.ActiveCfg = Release|Any CPU
		{14881572-DDCF-44BF-9105-BAD306CC0812}.Release|x86.Build.0 = Release|Any CPU
		{BE4675F6-57D1-4A15-A97C-A0AE5B334704}.Debug|Any CPU.ActiveCfg = Debug|Any CPU
		{BE4675F6-57D1-4A15-A97C-A0AE5B334704}.Debug|Any CPU.Build.0 = Debug|Any CPU
		{BE4675F6-57D1-4A15-A97C-A0AE5B334704}.Debug|x86.ActiveCfg = Debug|Any CPU
		{BE4675F6-57D1-4A15-A97C-A0AE5B334704}.Debug|x86.Build.0 = Debug|Any CPU
		{BE4675F6-57D1-4A15-A97C-A0AE5B334704}.Release|Any CPU.ActiveCfg = Release|Any CPU
		{BE4675F6-57D1-4A15-A97C-A0AE5B334704}.Release|Any CPU.Build.0 = Release|Any CPU
		{BE4675F6-57D1-4A15-A97C-A0AE5B334704}.Release|x86.ActiveCfg = Release|Any CPU
		{BE4675F6-57D1-4A15-A97C-A0AE5B334704}.Release|x86.Build.0 = Release|Any CPU
		{C490549A-FAB7-46F6-82EF-BABC3BE32253}.Debug|Any CPU.ActiveCfg = Debug|Any CPU
		{C490549A-FAB7-46F6-82EF-BABC3BE32253}.Debug|Any CPU.Build.0 = Debug|Any CPU
		{C490549A-FAB7-46F6-82EF-BABC3BE32253}.Debug|x86.ActiveCfg = Debug|Any CPU
		{C490549A-FAB7-46F6-82EF-BABC3BE32253}.Debug|x86.Build.0 = Debug|Any CPU
		{C490549A-FAB7-46F6-82EF-BABC3BE32253}.Release|Any CPU.ActiveCfg = Release|Any CPU
		{C490549A-FAB7-46F6-82EF-BABC3BE32253}.Release|Any CPU.Build.0 = Release|Any CPU
		{C490549A-FAB7-46F6-82EF-BABC3BE32253}.Release|x86.ActiveCfg = Release|Any CPU
		{C490549A-FAB7-46F6-82EF-BABC3BE32253}.Release|x86.Build.0 = Release|Any CPU
		{3A8F4376-024A-41FA-96B3-9D7C385B2270}.Debug|Any CPU.ActiveCfg = Debug|Any CPU
		{3A8F4376-024A-41FA-96B3-9D7C385B2270}.Debug|Any CPU.Build.0 = Debug|Any CPU
		{3A8F4376-024A-41FA-96B3-9D7C385B2270}.Debug|x86.ActiveCfg = Debug|Any CPU
		{3A8F4376-024A-41FA-96B3-9D7C385B2270}.Debug|x86.Build.0 = Debug|Any CPU
		{3A8F4376-024A-41FA-96B3-9D7C385B2270}.Release|Any CPU.ActiveCfg = Release|Any CPU
		{3A8F4376-024A-41FA-96B3-9D7C385B2270}.Release|Any CPU.Build.0 = Release|Any CPU
		{3A8F4376-024A-41FA-96B3-9D7C385B2270}.Release|x86.ActiveCfg = Release|Any CPU
		{3A8F4376-024A-41FA-96B3-9D7C385B2270}.Release|x86.Build.0 = Release|Any CPU
		{A3533065-169D-4A4A-B50B-CA7392F320B7}.Debug|Any CPU.ActiveCfg = Debug|Any CPU
		{A3533065-169D-4A4A-B50B-CA7392F320B7}.Debug|Any CPU.Build.0 = Debug|Any CPU
		{A3533065-169D-4A4A-B50B-CA7392F320B7}.Debug|x86.ActiveCfg = Debug|Any CPU
		{A3533065-169D-4A4A-B50B-CA7392F320B7}.Debug|x86.Build.0 = Debug|Any CPU
		{A3533065-169D-4A4A-B50B-CA7392F320B7}.Release|Any CPU.ActiveCfg = Release|Any CPU
		{A3533065-169D-4A4A-B50B-CA7392F320B7}.Release|Any CPU.Build.0 = Release|Any CPU
		{A3533065-169D-4A4A-B50B-CA7392F320B7}.Release|x86.ActiveCfg = Release|Any CPU
		{A3533065-169D-4A4A-B50B-CA7392F320B7}.Release|x86.Build.0 = Release|Any CPU
		{22917F38-D4B2-4887-8E11-8834394D3E81}.Debug|Any CPU.ActiveCfg = Debug|Any CPU
		{22917F38-D4B2-4887-8E11-8834394D3E81}.Debug|Any CPU.Build.0 = Debug|Any CPU
		{22917F38-D4B2-4887-8E11-8834394D3E81}.Debug|x86.ActiveCfg = Debug|Any CPU
		{22917F38-D4B2-4887-8E11-8834394D3E81}.Debug|x86.Build.0 = Debug|Any CPU
		{22917F38-D4B2-4887-8E11-8834394D3E81}.Release|Any CPU.ActiveCfg = Release|Any CPU
		{22917F38-D4B2-4887-8E11-8834394D3E81}.Release|Any CPU.Build.0 = Release|Any CPU
		{22917F38-D4B2-4887-8E11-8834394D3E81}.Release|x86.ActiveCfg = Release|Any CPU
		{22917F38-D4B2-4887-8E11-8834394D3E81}.Release|x86.Build.0 = Release|Any CPU
		{856C3C5F-9477-4E5E-AB3D-B10011A23950}.Debug|Any CPU.ActiveCfg = Debug|Any CPU
		{856C3C5F-9477-4E5E-AB3D-B10011A23950}.Debug|Any CPU.Build.0 = Debug|Any CPU
		{856C3C5F-9477-4E5E-AB3D-B10011A23950}.Debug|x86.ActiveCfg = Debug|Any CPU
		{856C3C5F-9477-4E5E-AB3D-B10011A23950}.Debug|x86.Build.0 = Debug|Any CPU
		{856C3C5F-9477-4E5E-AB3D-B10011A23950}.Release|Any CPU.ActiveCfg = Release|Any CPU
		{856C3C5F-9477-4E5E-AB3D-B10011A23950}.Release|Any CPU.Build.0 = Release|Any CPU
		{856C3C5F-9477-4E5E-AB3D-B10011A23950}.Release|x86.ActiveCfg = Release|Any CPU
		{856C3C5F-9477-4E5E-AB3D-B10011A23950}.Release|x86.Build.0 = Release|Any CPU
		{696B2799-CFF4-4633-9100-B9DC2D98BACF}.Debug|Any CPU.ActiveCfg = Debug|Any CPU
		{696B2799-CFF4-4633-9100-B9DC2D98BACF}.Debug|Any CPU.Build.0 = Debug|Any CPU
		{696B2799-CFF4-4633-9100-B9DC2D98BACF}.Debug|x86.ActiveCfg = Debug|Any CPU
		{696B2799-CFF4-4633-9100-B9DC2D98BACF}.Debug|x86.Build.0 = Debug|Any CPU
		{696B2799-CFF4-4633-9100-B9DC2D98BACF}.Release|Any CPU.ActiveCfg = Release|Any CPU
		{696B2799-CFF4-4633-9100-B9DC2D98BACF}.Release|Any CPU.Build.0 = Release|Any CPU
		{696B2799-CFF4-4633-9100-B9DC2D98BACF}.Release|x86.ActiveCfg = Release|Any CPU
		{696B2799-CFF4-4633-9100-B9DC2D98BACF}.Release|x86.Build.0 = Release|Any CPU
		{59E36B20-30D2-4E1A-A74A-FCFE02A6E663}.Debug|Any CPU.ActiveCfg = Debug|Any CPU
		{59E36B20-30D2-4E1A-A74A-FCFE02A6E663}.Debug|Any CPU.Build.0 = Debug|Any CPU
		{59E36B20-30D2-4E1A-A74A-FCFE02A6E663}.Debug|x86.ActiveCfg = Debug|Any CPU
		{59E36B20-30D2-4E1A-A74A-FCFE02A6E663}.Debug|x86.Build.0 = Debug|Any CPU
		{59E36B20-30D2-4E1A-A74A-FCFE02A6E663}.Release|Any CPU.ActiveCfg = Release|Any CPU
		{59E36B20-30D2-4E1A-A74A-FCFE02A6E663}.Release|Any CPU.Build.0 = Release|Any CPU
		{59E36B20-30D2-4E1A-A74A-FCFE02A6E663}.Release|x86.ActiveCfg = Release|Any CPU
		{59E36B20-30D2-4E1A-A74A-FCFE02A6E663}.Release|x86.Build.0 = Release|Any CPU
		{BB552933-5473-44AF-9A13-A9E057B2B6B8}.Debug|Any CPU.ActiveCfg = Debug|Any CPU
		{BB552933-5473-44AF-9A13-A9E057B2B6B8}.Debug|Any CPU.Build.0 = Debug|Any CPU
		{BB552933-5473-44AF-9A13-A9E057B2B6B8}.Debug|x86.ActiveCfg = Debug|Any CPU
		{BB552933-5473-44AF-9A13-A9E057B2B6B8}.Debug|x86.Build.0 = Debug|Any CPU
		{BB552933-5473-44AF-9A13-A9E057B2B6B8}.Release|Any CPU.ActiveCfg = Release|Any CPU
		{BB552933-5473-44AF-9A13-A9E057B2B6B8}.Release|Any CPU.Build.0 = Release|Any CPU
		{BB552933-5473-44AF-9A13-A9E057B2B6B8}.Release|x86.ActiveCfg = Release|Any CPU
		{BB552933-5473-44AF-9A13-A9E057B2B6B8}.Release|x86.Build.0 = Release|Any CPU
	EndGlobalSection
	GlobalSection(SolutionProperties) = preSolution
		HideSolutionNode = FALSE
	EndGlobalSection
	GlobalSection(ExtensibilityGlobals) = postSolution
		SolutionGuid = {C1E3C662-18F7-4DA6-9EAF-203B1A00A36B}
	EndGlobalSection
EndGlobal
