
Microsoft Visual Studio Solution File, Format Version 12.00
# Visual Studio Version 17
VisualStudioVersion = 17.0.31903.59
MinimumVisualStudioVersion = 10.0.40219.1
Project("{9A19103F-16F7-4668-BE54-9A1E7A4F7556}") = "CalcDate", "CalcDate\CalcDate.csproj", "{FDDF053B-9709-411C-AFE1-C3F774CE468F}"
EndProject
Project("{9A19103F-16F7-4668-BE54-9A1E7A4F7556}") = "FileTutor", "FileTutor\FileTutor.csproj", "{B4AD720D-77D7-4AB2-927F-4E4762C9E194}"
EndProject
Project("{FAE04EC0-301F-11D3-BF4B-00C04F79EFBC}") = "Tutor1", "Tutor1\Tutor1.csproj", "{C892FA2C-4B83-4D87-A0A6-548506B57445}"
EndProject
Project("{9A19103F-16F7-4668-BE54-9A1E7A4F7556}") = "Utils", "Utils\Utils.csproj", "{FEA2D391-F214-4238-99C1-DD8715FACCEC}"
EndProject
Project("{9A19103F-16F7-4668-BE54-9A1E7A4F7556}") = "datatype", "datatype\datatype.csproj", "{7459FBC6-ED20-41A7-B2D6-A7FD7694B482}"
EndProject
Project("{9A19103F-16F7-4668-BE54-9A1E7A4F7556}") = "FlowControl", "FlowControl\FlowControl.csproj", "{C490549A-FAB7-46F6-82EF-BABC3BE32253}"
EndProject
Project("{9A19103F-16F7-4668-BE54-9A1E7A4F7556}") = "Calc", "calculator\Calc.csproj", "{59E36B20-30D2-4E1A-A74A-FCFE02A6E663}"
EndProject
Project("{9A19103F-16F7-4668-BE54-9A1E7A4F7556}") = "ObjectOrient", "ObjectOrient\ObjectOrient.csproj", "{7060708B-325B-450E-B894-D073EF59AA9D}"
EndProject
Project("{9A19103F-16F7-4668-BE54-9A1E7A4F7556}") = "Tutor", "Tutor\Tutor.csproj", "{CEA1A00A-DF98-475F-AD05-624481D44607}"
EndProject
Project("{9A19103F-16F7-4668-BE54-9A1E7A4F7556}") = "Tutor.Tests", "Tutor.Tests\Tutor.Tests.csproj", "{106D027C-EE1D-40F1-85E4-16FDA01AB888}"
EndProject
Project("{9A19103F-16F7-4668-BE54-9A1E7A4F7556}") = "BankSystem", "BankSystem\BankSystem.csproj", "{4DDDD0FC-F700-46C7-A7C0-A0A4EF516B99}"
EndProject
Project("{FAE04EC0-301F-11D3-BF4B-00C04F79EFBC}") = "JsonUtil", "JsonUtil\JsonUtil.csproj", "{4D21F9B5-17F7-469B-B77D-3EE9208A6513}"
EndProject
Global
	GlobalSection(SolutionConfigurationPlatforms) = preSolution
		Debug|Any CPU = Debug|Any CPU
		Debug|x86 = Debug|x86
		Release|Any CPU = Release|Any CPU
		Release|x86 = Release|x86
	EndGlobalSection
	GlobalSection(ProjectConfigurationPlatforms) = postSolution
		{FDDF053B-9709-411C-AFE1-C3F774CE468F}.Debug|Any CPU.ActiveCfg = Debug|Any CPU
		{FDDF053B-9709-411C-AFE1-C3F774CE468F}.Debug|Any CPU.Build.0 = Debug|Any CPU
		{FDDF053B-9709-411C-AFE1-C3F774CE468F}.Debug|x86.ActiveCfg = Debug|x86
		{FDDF053B-9709-411C-AFE1-C3F774CE468F}.Debug|x86.Build.0 = Debug|x86
		{FDDF053B-9709-411C-AFE1-C3F774CE468F}.Release|Any CPU.ActiveCfg = Release|x86
		{FDDF053B-9709-411C-AFE1-C3F774CE468F}.Release|x86.ActiveCfg = Release|x86
		{FDDF053B-9709-411C-AFE1-C3F774CE468F}.Release|x86.Build.0 = Release|x86
		{B4AD720D-77D7-4AB2-927F-4E4762C9E194}.Debug|Any CPU.ActiveCfg = Debug|Any CPU
		{B4AD720D-77D7-4AB2-927F-4E4762C9E194}.Debug|Any CPU.Build.0 = Debug|Any CPU
		{B4AD720D-77D7-4AB2-927F-4E4762C9E194}.Debug|x86.ActiveCfg = Debug|Any CPU
		{B4AD720D-77D7-4AB2-927F-4E4762C9E194}.Debug|x86.Build.0 = Debug|Any CPU
		{B4AD720D-77D7-4AB2-927F-4E4762C9E194}.Release|Any CPU.ActiveCfg = Release|Any CPU
		{B4AD720D-77D7-4AB2-927F-4E4762C9E194}.Release|Any CPU.Build.0 = Release|Any CPU
		{B4AD720D-77D7-4AB2-927F-4E4762C9E194}.Release|x86.ActiveCfg = Release|Any CPU
		{B4AD720D-77D7-4AB2-927F-4E4762C9E194}.Release|x86.Build.0 = Release|Any CPU
		{C892FA2C-4B83-4D87-A0A6-548506B57445}.Debug|Any CPU.ActiveCfg = Debug|Any CPU
		{C892FA2C-4B83-4D87-A0A6-548506B57445}.Debug|Any CPU.Build.0 = Debug|Any CPU
		{C892FA2C-4B83-4D87-A0A6-548506B57445}.Debug|x86.ActiveCfg = Debug|Any CPU
		{C892FA2C-4B83-4D87-A0A6-548506B57445}.Debug|x86.Build.0 = Debug|Any CPU
		{C892FA2C-4B83-4D87-A0A6-548506B57445}.Release|Any CPU.ActiveCfg = Release|Any CPU
		{C892FA2C-4B83-4D87-A0A6-548506B57445}.Release|Any CPU.Build.0 = Release|Any CPU
		{C892FA2C-4B83-4D87-A0A6-548506B57445}.Release|x86.ActiveCfg = Release|Any CPU
		{C892FA2C-4B83-4D87-A0A6-548506B57445}.Release|x86.Build.0 = Release|Any CPU
		{FEA2D391-F214-4238-99C1-DD8715FACCEC}.Debug|Any CPU.ActiveCfg = Debug|Any CPU
		{FEA2D391-F214-4238-99C1-DD8715FACCEC}.Debug|Any CPU.Build.0 = Debug|Any CPU
		{FEA2D391-F214-4238-99C1-DD8715FACCEC}.Debug|x86.ActiveCfg = Debug|Any CPU
		{FEA2D391-F214-4238-99C1-DD8715FACCEC}.Debug|x86.Build.0 = Debug|Any CPU
		{FEA2D391-F214-4238-99C1-DD8715FACCEC}.Release|Any CPU.ActiveCfg = Release|Any CPU
		{FEA2D391-F214-4238-99C1-DD8715FACCEC}.Release|Any CPU.Build.0 = Release|Any CPU
		{FEA2D391-F214-4238-99C1-DD8715FACCEC}.Release|x86.ActiveCfg = Release|Any CPU
		{FEA2D391-F214-4238-99C1-DD8715FACCEC}.Release|x86.Build.0 = Release|Any CPU
		{7459FBC6-ED20-41A7-B2D6-A7FD7694B482}.Debug|Any CPU.ActiveCfg = Debug|Any CPU
		{7459FBC6-ED20-41A7-B2D6-A7FD7694B482}.Debug|Any CPU.Build.0 = Debug|Any CPU
		{7459FBC6-ED20-41A7-B2D6-A7FD7694B482}.Debug|x86.ActiveCfg = Debug|Any CPU
		{7459FBC6-ED20-41A7-B2D6-A7FD7694B482}.Debug|x86.Build.0 = Debug|Any CPU
		{7459FBC6-ED20-41A7-B2D6-A7FD7694B482}.Release|Any CPU.ActiveCfg = Release|Any CPU
		{7459FBC6-ED20-41A7-B2D6-A7FD7694B482}.Release|Any CPU.Build.0 = Release|Any CPU
		{7459FBC6-ED20-41A7-B2D6-A7FD7694B482}.Release|x86.ActiveCfg = Release|Any CPU
		{7459FBC6-ED20-41A7-B2D6-A7FD7694B482}.Release|x86.Build.0 = Release|Any CPU
		{C490549A-FAB7-46F6-82EF-BABC3BE32253}.Debug|Any CPU.ActiveCfg = Debug|Any CPU
		{C490549A-FAB7-46F6-82EF-BABC3BE32253}.Debug|Any CPU.Build.0 = Debug|Any CPU
		{C490549A-FAB7-46F6-82EF-BABC3BE32253}.Debug|x86.ActiveCfg = Debug|Any CPU
		{C490549A-FAB7-46F6-82EF-BABC3BE32253}.Debug|x86.Build.0 = Debug|Any CPU
		{C490549A-FAB7-46F6-82EF-BABC3BE32253}.Release|Any CPU.ActiveCfg = Release|Any CPU
		{C490549A-FAB7-46F6-82EF-BABC3BE32253}.Release|Any CPU.Build.0 = Release|Any CPU
		{C490549A-FAB7-46F6-82EF-BABC3BE32253}.Release|x86.ActiveCfg = Release|Any CPU
		{C490549A-FAB7-46F6-82EF-BABC3BE32253}.Release|x86.Build.0 = Release|Any CPU
		{59E36B20-30D2-4E1A-A74A-FCFE02A6E663}.Debug|Any CPU.ActiveCfg = Debug|Any CPU
		{59E36B20-30D2-4E1A-A74A-FCFE02A6E663}.Debug|Any CPU.Build.0 = Debug|Any CPU
		{59E36B20-30D2-4E1A-A74A-FCFE02A6E663}.Debug|x86.ActiveCfg = Debug|Any CPU
		{59E36B20-30D2-4E1A-A74A-FCFE02A6E663}.Debug|x86.Build.0 = Debug|Any CPU
		{59E36B20-30D2-4E1A-A74A-FCFE02A6E663}.Release|Any CPU.ActiveCfg = Release|Any CPU
		{59E36B20-30D2-4E1A-A74A-FCFE02A6E663}.Release|Any CPU.Build.0 = Release|Any CPU
		{59E36B20-30D2-4E1A-A74A-FCFE02A6E663}.Release|x86.ActiveCfg = Release|Any CPU
		{59E36B20-30D2-4E1A-A74A-FCFE02A6E663}.Release|x86.Build.0 = Release|Any CPU
		{7060708B-325B-450E-B894-D073EF59AA9D}.Debug|Any CPU.ActiveCfg = Debug|Any CPU
		{7060708B-325B-450E-B894-D073EF59AA9D}.Debug|Any CPU.Build.0 = Debug|Any CPU
		{7060708B-325B-450E-B894-D073EF59AA9D}.Debug|x86.ActiveCfg = Debug|Any CPU
		{7060708B-325B-450E-B894-D073EF59AA9D}.Debug|x86.Build.0 = Debug|Any CPU
		{7060708B-325B-450E-B894-D073EF59AA9D}.Release|Any CPU.ActiveCfg = Release|Any CPU
		{7060708B-325B-450E-B894-D073EF59AA9D}.Release|Any CPU.Build.0 = Release|Any CPU
		{7060708B-325B-450E-B894-D073EF59AA9D}.Release|x86.ActiveCfg = Release|Any CPU
		{7060708B-325B-450E-B894-D073EF59AA9D}.Release|x86.Build.0 = Release|Any CPU
		{CEA1A00A-DF98-475F-AD05-624481D44607}.Debug|Any CPU.ActiveCfg = Debug|Any CPU
		{CEA1A00A-DF98-475F-AD05-624481D44607}.Debug|Any CPU.Build.0 = Debug|Any CPU
		{CEA1A00A-DF98-475F-AD05-624481D44607}.Debug|x86.ActiveCfg = Debug|Any CPU
		{CEA1A00A-DF98-475F-AD05-624481D44607}.Debug|x86.Build.0 = Debug|Any CPU
		{CEA1A00A-DF98-475F-AD05-624481D44607}.Release|Any CPU.ActiveCfg = Release|Any CPU
		{CEA1A00A-DF98-475F-AD05-624481D44607}.Release|Any CPU.Build.0 = Release|Any CPU
		{CEA1A00A-DF98-475F-AD05-624481D44607}.Release|x86.ActiveCfg = Release|Any CPU
		{CEA1A00A-DF98-475F-AD05-624481D44607}.Release|x86.Build.0 = Release|Any CPU
		{106D027C-EE1D-40F1-85E4-16FDA01AB888}.Debug|Any CPU.ActiveCfg = Debug|Any CPU
		{106D027C-EE1D-40F1-85E4-16FDA01AB888}.Debug|Any CPU.Build.0 = Debug|Any CPU
		{106D027C-EE1D-40F1-85E4-16FDA01AB888}.Debug|x86.ActiveCfg = Debug|Any CPU
		{106D027C-EE1D-40F1-85E4-16FDA01AB888}.Debug|x86.Build.0 = Debug|Any CPU
		{106D027C-EE1D-40F1-85E4-16FDA01AB888}.Release|Any CPU.ActiveCfg = Release|Any CPU
		{106D027C-EE1D-40F1-85E4-16FDA01AB888}.Release|Any CPU.Build.0 = Release|Any CPU
		{106D027C-EE1D-40F1-85E4-16FDA01AB888}.Release|x86.ActiveCfg = Release|Any CPU
		{106D027C-EE1D-40F1-85E4-16FDA01AB888}.Release|x86.Build.0 = Release|Any CPU
		{4DDDD0FC-F700-46C7-A7C0-A0A4EF516B99}.Debug|Any CPU.ActiveCfg = Debug|Any CPU
		{4DDDD0FC-F700-46C7-A7C0-A0A4EF516B99}.Debug|Any CPU.Build.0 = Debug|Any CPU
		{4DDDD0FC-F700-46C7-A7C0-A0A4EF516B99}.Debug|x86.ActiveCfg = Debug|Any CPU
		{4DDDD0FC-F700-46C7-A7C0-A0A4EF516B99}.Debug|x86.Build.0 = Debug|Any CPU
		{4DDDD0FC-F700-46C7-A7C0-A0A4EF516B99}.Release|Any CPU.ActiveCfg = Release|Any CPU
		{4DDDD0FC-F700-46C7-A7C0-A0A4EF516B99}.Release|Any CPU.Build.0 = Release|Any CPU
		{4DDDD0FC-F700-46C7-A7C0-A0A4EF516B99}.Release|x86.ActiveCfg = Release|Any CPU
		{4DDDD0FC-F700-46C7-A7C0-A0A4EF516B99}.Release|x86.Build.0 = Release|Any CPU
		{4D21F9B5-17F7-469B-B77D-3EE9208A6513}.Debug|Any CPU.ActiveCfg = Debug|Any CPU
		{4D21F9B5-17F7-469B-B77D-3EE9208A6513}.Debug|Any CPU.Build.0 = Debug|Any CPU
		{4D21F9B5-17F7-469B-B77D-3EE9208A6513}.Debug|x86.ActiveCfg = Debug|Any CPU
		{4D21F9B5-17F7-469B-B77D-3EE9208A6513}.Debug|x86.Build.0 = Debug|Any CPU
		{4D21F9B5-17F7-469B-B77D-3EE9208A6513}.Release|Any CPU.ActiveCfg = Release|Any CPU
		{4D21F9B5-17F7-469B-B77D-3EE9208A6513}.Release|Any CPU.Build.0 = Release|Any CPU
		{4D21F9B5-17F7-469B-B77D-3EE9208A6513}.Release|x86.ActiveCfg = Release|Any CPU
		{4D21F9B5-17F7-469B-B77D-3EE9208A6513}.Release|x86.Build.0 = Release|Any CPU
	EndGlobalSection
	GlobalSection(SolutionProperties) = preSolution
		HideSolutionNode = FALSE
	EndGlobalSection
	GlobalSection(ExtensibilityGlobals) = postSolution
		SolutionGuid = {C1E3C662-18F7-4DA6-9EAF-203B1A00A36B}
	EndGlobalSection
EndGlobal
